
Microsoft Visual Studio Solution File, Format Version 12.00
# Visual Studio Version 16
VisualStudioVersion = 16.0.31702.278
MinimumVisualStudioVersion = 10.0.40219.1
Project("{FAE04EC0-301F-11D3-BF4B-00C04F79EFBC}") = "FilesInFolder", "FilesInFolder\FilesInFolder.csproj", "{6A3A32EE-3E21-4440-8D14-9F4670E30B7A}"
EndProject
Global
	GlobalSection(SolutionConfigurationPlatforms) = preSolution
		Debug|Any CPU = Debug|Any CPU
		Release|Any CPU = Release|Any CPU
	EndGlobalSection
	GlobalSection(ProjectConfigurationPlatforms) = postSolution
		{6A3A32EE-3E21-4440-8D14-9F4670E30B7A}.Debug|Any CPU.ActiveCfg = Debug|Any CPU
		{6A3A32EE-3E21-4440-8D14-9F4670E30B7A}.Debug|Any CPU.Build.0 = Debug|Any CPU
		{6A3A32EE-3E21-4440-8D14-9F4670E30B7A}.Release|Any CPU.ActiveCfg = Release|Any CPU
		{6A3A32EE-3E21-4440-8D14-9F4670E30B7A}.Release|Any CPU.Build.0 = Release|Any CPU
	EndGlobalSection
	GlobalSection(SolutionProperties) = preSolution
		HideSolutionNode = FALSE
	EndGlobalSection
	GlobalSection(ExtensibilityGlobals) = postSolution
		SolutionGuid = {DAAC671D-F7F9-4DD8-A15C-B4042110D35D}
	EndGlobalSection
EndGlobal
